
Microsoft Visual Studio Solution File, Format Version 12.00
# Visual Studio 2015
Project("{FAE04EC0-301F-11D3-BF4B-00C04F79EFBC}") = "465App.CSharp", "465App.CSharp.csproj", "{6468DC8E-D9FE-AE54-DD21-25FC0C02783C}"
EndProject
Global
	GlobalSection(SolutionConfigurationPlatforms) = preSolution
		Debug|Any CPU = Debug|Any CPU
		Release|Any CPU = Release|Any CPU
	EndGlobalSection
	GlobalSection(ProjectConfigurationPlatforms) = postSolution
		{6468DC8E-D9FE-AE54-DD21-25FC0C02783C}.Debug|Any CPU.ActiveCfg = Debug|Any CPU
		{6468DC8E-D9FE-AE54-DD21-25FC0C02783C}.Debug|Any CPU.Build.0 = Debug|Any CPU
		{6468DC8E-D9FE-AE54-DD21-25FC0C02783C}.Release|Any CPU.ActiveCfg = Release|Any CPU
		{6468DC8E-D9FE-AE54-DD21-25FC0C02783C}.Release|Any CPU.Build.0 = Release|Any CPU
	EndGlobalSection
	GlobalSection(SolutionProperties) = preSolution
		HideSolutionNode = FALSE
	EndGlobalSection
EndGlobal
