Microsoft Visual Studio Solution File, Format Version 11.00
# Visual Studio 2008

Project("{20FBC41F-3B4F-FFC4-B563-9701371E7FEE}") = "465App", "Assembly-CSharp.csproj", "{175ABF93-498C-CC03-2B64-8ED6FA6B32DD}"
EndProject
Global
	GlobalSection(SolutionConfigurationPlatforms) = preSolution
		Debug|Any CPU = Debug|Any CPU
		Release|Any CPU = Release|Any CPU
	EndGlobalSection
	GlobalSection(ProjectConfigurationPlatforms) = postSolution
		{175ABF93-498C-CC03-2B64-8ED6FA6B32DD}.Debug|Any CPU.ActiveCfg = Debug|Any CPU
		{175ABF93-498C-CC03-2B64-8ED6FA6B32DD}.Debug|Any CPU.Build.0 = Debug|Any CPU
		{175ABF93-498C-CC03-2B64-8ED6FA6B32DD}.Release|Any CPU.ActiveCfg = Release|Any CPU
		{175ABF93-498C-CC03-2B64-8ED6FA6B32DD}.Release|Any CPU.Build.0 = Release|Any CPU
	EndGlobalSection
	GlobalSection(SolutionProperties) = preSolution
		HideSolutionNode = FALSE
	EndGlobalSection
	GlobalSection(MonoDevelopProperties) = preSolution
		StartupItem = Assembly-CSharp.csproj
	EndGlobalSection
EndGlobal
